
Microsoft Visual Studio Solution File, Format Version 12.00
# Visual Studio Version 17
VisualStudioVersion = 17.13.35617.110 d17.13
MinimumVisualStudioVersion = 10.0.40219.1
Project("{FAE04EC0-301F-11D3-BF4B-00C04F79EFBC}") = "SalseChart", "SalseChart\SalseChart.csproj", "{7CF023C7-3E83-4C0B-B5C8-CC735B7C65EA}"
EndProject
Global
	GlobalSection(SolutionConfigurationPlatforms) = preSolution
		Debug|Any CPU = Debug|Any CPU
		Release|Any CPU = Release|Any CPU
	EndGlobalSection
	GlobalSection(ProjectConfigurationPlatforms) = postSolution
		{7CF023C7-3E83-4C0B-B5C8-CC735B7C65EA}.Debug|Any CPU.ActiveCfg = Debug|Any CPU
		{7CF023C7-3E83-4C0B-B5C8-CC735B7C65EA}.Debug|Any CPU.Build.0 = Debug|Any CPU
		{7CF023C7-3E83-4C0B-B5C8-CC735B7C65EA}.Release|Any CPU.ActiveCfg = Release|Any CPU
		{7CF023C7-3E83-4C0B-B5C8-CC735B7C65EA}.Release|Any CPU.Build.0 = Release|Any CPU
	EndGlobalSection
	GlobalSection(SolutionProperties) = preSolution
		HideSolutionNode = FALSE
	EndGlobalSection
	GlobalSection(ExtensibilityGlobals) = postSolution
		SolutionGuid = {F7D23594-A704-4B72-AA42-5C37C32314BF}
	EndGlobalSection
EndGlobal
